// !$*UTF8*$!
{
	archiveVersion = 1;
	classes = {
	};
	objectVersion = 46;
	objects = {

/* Begin PBXBuildFile section */
		936461C81E9CD89000CA067C /* AFHTTPRequestOperation.m in Sources */ = {isa = PBXBuildFile; fileRef = 936461A41E9CD89000CA067C /* AFHTTPRequestOperation.m */; };
		936461C91E9CD89000CA067C /* AFHTTPRequestOperationManager.m in Sources */ = {isa = PBXBuildFile; fileRef = 936461A61E9CD89000CA067C /* AFHTTPRequestOperationManager.m */; };
		936461CA1E9CD89000CA067C /* AFHTTPSessionManager.m in Sources */ = {isa = PBXBuildFile; fileRef = 936461A81E9CD89000CA067C /* AFHTTPSessionManager.m */; };
		936461CB1E9CD89000CA067C /* AFNetworkReachabilityManager.m in Sources */ = {isa = PBXBuildFile; fileRef = 936461AB1E9CD89000CA067C /* AFNetworkReachabilityManager.m */; };
		936461CC1E9CD89000CA067C /* AFSecurityPolicy.m in Sources */ = {isa = PBXBuildFile; fileRef = 936461AD1E9CD89000CA067C /* AFSecurityPolicy.m */; };
		936461CD1E9CD89000CA067C /* AFURLConnectionOperation.m in Sources */ = {isa = PBXBuildFile; fileRef = 936461AF1E9CD89000CA067C /* AFURLConnectionOperation.m */; };
		936461CE1E9CD89000CA067C /* AFURLRequestSerialization.m in Sources */ = {isa = PBXBuildFile; fileRef = 936461B11E9CD89000CA067C /* AFURLRequestSerialization.m */; };
		936461CF1E9CD89000CA067C /* AFURLResponseSerialization.m in Sources */ = {isa = PBXBuildFile; fileRef = 936461B31E9CD89000CA067C /* AFURLResponseSerialization.m */; };
		936461D01E9CD89000CA067C /* AFURLSessionManager.m in Sources */ = {isa = PBXBuildFile; fileRef = 936461B51E9CD89000CA067C /* AFURLSessionManager.m */; };
		936461D11E9CD89000CA067C /* AFNetworkActivityIndicatorManager.m in Sources */ = {isa = PBXBuildFile; fileRef = 936461B81E9CD89000CA067C /* AFNetworkActivityIndicatorManager.m */; };
		936461D21E9CD89000CA067C /* UIActivityIndicatorView+AFNetworking.m in Sources */ = {isa = PBXBuildFile; fileRef = 936461BA1E9CD89000CA067C /* UIActivityIndicatorView+AFNetworking.m */; };
		936461D31E9CD89000CA067C /* UIAlertView+AFNetworking.m in Sources */ = {isa = PBXBuildFile; fileRef = 936461BC1E9CD89000CA067C /* UIAlertView+AFNetworking.m */; };
		936461D41E9CD89000CA067C /* UIButton+AFNetworking.m in Sources */ = {isa = PBXBuildFile; fileRef = 936461BE1E9CD89000CA067C /* UIButton+AFNetworking.m */; };
		936461D51E9CD89000CA067C /* UIImageView+AFNetworking.m in Sources */ = {isa = PBXBuildFile; fileRef = 936461C01E9CD89000CA067C /* UIImageView+AFNetworking.m */; };
		936461D61E9CD89000CA067C /* UIProgressView+AFNetworking.m in Sources */ = {isa = PBXBuildFile; fileRef = 936461C31E9CD89000CA067C /* UIProgressView+AFNetworking.m */; };
		936461D71E9CD89000CA067C /* UIRefreshControl+AFNetworking.m in Sources */ = {isa = PBXBuildFile; fileRef = 936461C51E9CD89000CA067C /* UIRefreshControl+AFNetworking.m */; };
		936461D81E9CD89000CA067C /* UIWebView+AFNetworking.m in Sources */ = {isa = PBXBuildFile; fileRef = 936461C71E9CD89000CA067C /* UIWebView+AFNetworking.m */; };
		9376DD8A1E9DEADF00C3E703 /* CoreSVP.bundle in Resources */ = {isa = PBXBuildFile; fileRef = 9376DD801E9DEADF00C3E703 /* CoreSVP.bundle */; };
		9376DD8B1E9DEADF00C3E703 /* CoreSVP.m in Sources */ = {isa = PBXBuildFile; fileRef = 9376DD821E9DEADF00C3E703 /* CoreSVP.m */; };
		9376DD8C1E9DEADF00C3E703 /* SVIndefiniteAnimatedView.m in Sources */ = {isa = PBXBuildFile; fileRef = 9376DD851E9DEADF00C3E703 /* SVIndefiniteAnimatedView.m */; };
		9376DD8D1E9DEADF00C3E703 /* SVProgressHUD.bundle in Resources */ = {isa = PBXBuildFile; fileRef = 9376DD871E9DEADF00C3E703 /* SVProgressHUD.bundle */; };
		9376DD8E1E9DEADF00C3E703 /* SVProgressHUD.m in Sources */ = {isa = PBXBuildFile; fileRef = 9376DD891E9DEADF00C3E703 /* SVProgressHUD.m */; };
		93C7F20F1E9A802C007B7CB9 /* main.m in Sources */ = {isa = PBXBuildFile; fileRef = 93C7F20E1E9A802C007B7CB9 /* main.m */; };
		93C7F2121E9A802C007B7CB9 /* AppDelegate.m in Sources */ = {isa = PBXBuildFile; fileRef = 93C7F2111E9A802C007B7CB9 /* AppDelegate.m */; };
		93C7F2151E9A802C007B7CB9 /* ViewController.m in Sources */ = {isa = PBXBuildFile; fileRef = 93C7F2141E9A802C007B7CB9 /* ViewController.m */; };
		93C7F2181E9A802C007B7CB9 /* Main.storyboard in Resources */ = {isa = PBXBuildFile; fileRef = 93C7F2161E9A802C007B7CB9 /* Main.storyboard */; };
		93C7F21A1E9A802C007B7CB9 /* Assets.xcassets in Resources */ = {isa = PBXBuildFile; fileRef = 93C7F2191E9A802C007B7CB9 /* Assets.xcassets */; };
		93C7F21D1E9A802C007B7CB9 /* LaunchScreen.storyboard in Resources */ = {isa = PBXBuildFile; fileRef = 93C7F21B1E9A802C007B7CB9 /* LaunchScreen.storyboard */; };
		93C7F2281E9A802C007B7CB9 /* liboTests.m in Sources */ = {isa = PBXBuildFile; fileRef = 93C7F2271E9A802C007B7CB9 /* liboTests.m */; };
		93C7F2331E9A802C007B7CB9 /* liboUITests.m in Sources */ = {isa = PBXBuildFile; fileRef = 93C7F2321E9A802C007B7CB9 /* liboUITests.m */; };
/* End PBXBuildFile section */

/* Begin PBXContainerItemProxy section */
		93C7F2241E9A802C007B7CB9 /* PBXContainerItemProxy */ = {
			isa = PBXContainerItemProxy;
			containerPortal = 93C7F2021E9A802C007B7CB9 /* Project object */;
			proxyType = 1;
			remoteGlobalIDString = 93C7F2091E9A802C007B7CB9;
			remoteInfo = libo;
		};
		93C7F22F1E9A802C007B7CB9 /* PBXContainerItemProxy */ = {
			isa = PBXContainerItemProxy;
			containerPortal = 93C7F2021E9A802C007B7CB9 /* Project object */;
			proxyType = 1;
			remoteGlobalIDString = 93C7F2091E9A802C007B7CB9;
			remoteInfo = libo;
		};
/* End PBXContainerItemProxy section */

/* Begin PBXFileReference section */
		936461A31E9CD89000CA067C /* AFHTTPRequestOperation.h */ = {isa = PBXFileReference; fileEncoding = 4; lastKnownFileType = sourcecode.c.h; path = AFHTTPRequestOperation.h; sourceTree = "<group>"; };
		936461A41E9CD89000CA067C /* AFHTTPRequestOperation.m */ = {isa = PBXFileReference; fileEncoding = 4; lastKnownFileType = sourcecode.c.objc; path = AFHTTPRequestOperation.m; sourceTree = "<group>"; };
		936461A51E9CD89000CA067C /* AFHTTPRequestOperationManager.h */ = {isa = PBXFileReference; fileEncoding = 4; lastKnownFileType = sourcecode.c.h; path = AFHTTPRequestOperationManager.h; sourceTree = "<group>"; };
		936461A61E9CD89000CA067C /* AFHTTPRequestOperationManager.m */ = {isa = PBXFileReference; fileEncoding = 4; lastKnownFileType = sourcecode.c.objc; path = AFHTTPRequestOperationManager.m; sourceTree = "<group>"; };
		936461A71E9CD89000CA067C /* AFHTTPSessionManager.h */ = {isa = PBXFileReference; fileEncoding = 4; lastKnownFileType = sourcecode.c.h; path = AFHTTPSessionManager.h; sourceTree = "<group>"; };
		936461A81E9CD89000CA067C /* AFHTTPSessionManager.m */ = {isa = PBXFileReference; fileEncoding = 4; lastKnownFileType = sourcecode.c.objc; path = AFHTTPSessionManager.m; sourceTree = "<group>"; };
		936461A91E9CD89000CA067C /* AFNetworking.h */ = {isa = PBXFileReference; fileEncoding = 4; lastKnownFileType = sourcecode.c.h; path = AFNetworking.h; sourceTree = "<group>"; };
		936461AA1E9CD89000CA067C /* AFNetworkReachabilityManager.h */ = {isa = PBXFileReference; fileEncoding = 4; lastKnownFileType = sourcecode.c.h; path = AFNetworkReachabilityManager.h; sourceTree = "<group>"; };
		936461AB1E9CD89000CA067C /* AFNetworkReachabilityManager.m */ = {isa = PBXFileReference; fileEncoding = 4; lastKnownFileType = sourcecode.c.objc; path = AFNetworkReachabilityManager.m; sourceTree = "<group>"; };
		936461AC1E9CD89000CA067C /* AFSecurityPolicy.h */ = {isa = PBXFileReference; fileEncoding = 4; lastKnownFileType = sourcecode.c.h; path = AFSecurityPolicy.h; sourceTree = "<group>"; };
		936461AD1E9CD89000CA067C /* AFSecurityPolicy.m */ = {isa = PBXFileReference; fileEncoding = 4; lastKnownFileType = sourcecode.c.objc; path = AFSecurityPolicy.m; sourceTree = "<group>"; };
		936461AE1E9CD89000CA067C /* AFURLConnectionOperation.h */ = {isa = PBXFileReference; fileEncoding = 4; lastKnownFileType = sourcecode.c.h; path = AFURLConnectionOperation.h; sourceTree = "<group>"; };
		936461AF1E9CD89000CA067C /* AFURLConnectionOperation.m */ = {isa = PBXFileReference; fileEncoding = 4; lastKnownFileType = sourcecode.c.objc; path = AFURLConnectionOperation.m; sourceTree = "<group>"; };
		936461B01E9CD89000CA067C /* AFURLRequestSerialization.h */ = {isa = PBXFileReference; fileEncoding = 4; lastKnownFileType = sourcecode.c.h; path = AFURLRequestSerialization.h; sourceTree = "<group>"; };
		936461B11E9CD89000CA067C /* AFURLRequestSerialization.m */ = {isa = PBXFileReference; fileEncoding = 4; lastKnownFileType = sourcecode.c.objc; path = AFURLRequestSerialization.m; sourceTree = "<group>"; };
		936461B21E9CD89000CA067C /* AFURLResponseSerialization.h */ = {isa = PBXFileReference; fileEncoding = 4; lastKnownFileType = sourcecode.c.h; path = AFURLResponseSerialization.h; sourceTree = "<group>"; };
		936461B31E9CD89000CA067C /* AFURLResponseSerialization.m */ = {isa = PBXFileReference; fileEncoding = 4; lastKnownFileType = sourcecode.c.objc; path = AFURLResponseSerialization.m; sourceTree = "<group>"; };
		936461B41E9CD89000CA067C /* AFURLSessionManager.h */ = {isa = PBXFileReference; fileEncoding = 4; lastKnownFileType = sourcecode.c.h; path = AFURLSessionManager.h; sourceTree = "<group>"; };
		936461B51E9CD89000CA067C /* AFURLSessionManager.m */ = {isa = PBXFileReference; fileEncoding = 4; lastKnownFileType = sourcecode.c.objc; path = AFURLSessionManager.m; sourceTree = "<group>"; };
		936461B71E9CD89000CA067C /* AFNetworkActivityIndicatorManager.h */ = {isa = PBXFileReference; fileEncoding = 4; lastKnownFileType = sourcecode.c.h; path = AFNetworkActivityIndicatorManager.h; sourceTree = "<group>"; };
		936461B81E9CD89000CA067C /* AFNetworkActivityIndicatorManager.m */ = {isa = PBXFileReference; fileEncoding = 4; lastKnownFileType = sourcecode.c.objc; path = AFNetworkActivityIndicatorManager.m; sourceTree = "<group>"; };
		936461B91E9CD89000CA067C /* UIActivityIndicatorView+AFNetworking.h */ = {isa = PBXFileReference; fileEncoding = 4; lastKnownFileType = sourcecode.c.h; path = "UIActivityIndicatorView+AFNetworking.h"; sourceTree = "<group>"; };
		936461BA1E9CD89000CA067C /* UIActivityIndicatorView+AFNetworking.m */ = {isa = PBXFileReference; fileEncoding = 4; lastKnownFileType = sourcecode.c.objc; path = "UIActivityIndicatorView+AFNetworking.m"; sourceTree = "<group>"; };
		936461BB1E9CD89000CA067C /* UIAlertView+AFNetworking.h */ = {isa = PBXFileReference; fileEncoding = 4; lastKnownFileType = sourcecode.c.h; path = "UIAlertView+AFNetworking.h"; sourceTree = "<group>"; };
		936461BC1E9CD89000CA067C /* UIAlertView+AFNetworking.m */ = {isa = PBXFileReference; fileEncoding = 4; lastKnownFileType = sourcecode.c.objc; path = "UIAlertView+AFNetworking.m"; sourceTree = "<group>"; };
		936461BD1E9CD89000CA067C /* UIButton+AFNetworking.h */ = {isa = PBXFileReference; fileEncoding = 4; lastKnownFileType = sourcecode.c.h; path = "UIButton+AFNetworking.h"; sourceTree = "<group>"; };
		936461BE1E9CD89000CA067C /* UIButton+AFNetworking.m */ = {isa = PBXFileReference; fileEncoding = 4; lastKnownFileType = sourcecode.c.objc; path = "UIButton+AFNetworking.m"; sourceTree = "<group>"; };
		936461BF1E9CD89000CA067C /* UIImageView+AFNetworking.h */ = {isa = PBXFileReference; fileEncoding = 4; lastKnownFileType = sourcecode.c.h; path = "UIImageView+AFNetworking.h"; sourceTree = "<group>"; };
		936461C01E9CD89000CA067C /* UIImageView+AFNetworking.m */ = {isa = PBXFileReference; fileEncoding = 4; lastKnownFileType = sourcecode.c.objc; path = "UIImageView+AFNetworking.m"; sourceTree = "<group>"; };
		936461C11E9CD89000CA067C /* UIKit+AFNetworking.h */ = {isa = PBXFileReference; fileEncoding = 4; lastKnownFileType = sourcecode.c.h; path = "UIKit+AFNetworking.h"; sourceTree = "<group>"; };
		936461C21E9CD89000CA067C /* UIProgressView+AFNetworking.h */ = {isa = PBXFileReference; fileEncoding = 4; lastKnownFileType = sourcecode.c.h; path = "UIProgressView+AFNetworking.h"; sourceTree = "<group>"; };
		936461C31E9CD89000CA067C /* UIProgressView+AFNetworking.m */ = {isa = PBXFileReference; fileEncoding = 4; lastKnownFileType = sourcecode.c.objc; path = "UIProgressView+AFNetworking.m"; sourceTree = "<group>"; };
		936461C41E9CD89000CA067C /* UIRefreshControl+AFNetworking.h */ = {isa = PBXFileReference; fileEncoding = 4; lastKnownFileType = sourcecode.c.h; path = "UIRefreshControl+AFNetworking.h"; sourceTree = "<group>"; };
		936461C51E9CD89000CA067C /* UIRefreshControl+AFNetworking.m */ = {isa = PBXFileReference; fileEncoding = 4; lastKnownFileType = sourcecode.c.objc; path = "UIRefreshControl+AFNetworking.m"; sourceTree = "<group>"; };
		936461C61E9CD89000CA067C /* UIWebView+AFNetworking.h */ = {isa = PBXFileReference; fileEncoding = 4; lastKnownFileType = sourcecode.c.h; path = "UIWebView+AFNetworking.h"; sourceTree = "<group>"; };
		936461C71E9CD89000CA067C /* UIWebView+AFNetworking.m */ = {isa = PBXFileReference; fileEncoding = 4; lastKnownFileType = sourcecode.c.objc; path = "UIWebView+AFNetworking.m"; sourceTree = "<group>"; };
		9376DD801E9DEADF00C3E703 /* CoreSVP.bundle */ = {isa = PBXFileReference; lastKnownFileType = "wrapper.plug-in"; path = CoreSVP.bundle; sourceTree = "<group>"; };
		9376DD811E9DEADF00C3E703 /* CoreSVP.h */ = {isa = PBXFileReference; fileEncoding = 4; lastKnownFileType = sourcecode.c.h; path = CoreSVP.h; sourceTree = "<group>"; };
		9376DD821E9DEADF00C3E703 /* CoreSVP.m */ = {isa = PBXFileReference; fileEncoding = 4; lastKnownFileType = sourcecode.c.objc; path = CoreSVP.m; sourceTree = "<group>"; };
		9376DD841E9DEADF00C3E703 /* SVIndefiniteAnimatedView.h */ = {isa = PBXFileReference; fileEncoding = 4; lastKnownFileType = sourcecode.c.h; path = SVIndefiniteAnimatedView.h; sourceTree = "<group>"; };
		9376DD851E9DEADF00C3E703 /* SVIndefiniteAnimatedView.m */ = {isa = PBXFileReference; fileEncoding = 4; lastKnownFileType = sourcecode.c.objc; path = SVIndefiniteAnimatedView.m; sourceTree = "<group>"; };
		9376DD861E9DEADF00C3E703 /* SVProgressHUD-Prefix.pch */ = {isa = PBXFileReference; fileEncoding = 4; lastKnownFileType = sourcecode.c.h; path = "SVProgressHUD-Prefix.pch"; sourceTree = "<group>"; };
		9376DD871E9DEADF00C3E703 /* SVProgressHUD.bundle */ = {isa = PBXFileReference; lastKnownFileType = "wrapper.plug-in"; path = SVProgressHUD.bundle; sourceTree = "<group>"; };
		9376DD881E9DEADF00C3E703 /* SVProgressHUD.h */ = {isa = PBXFileReference; fileEncoding = 4; lastKnownFileType = sourcecode.c.h; path = SVProgressHUD.h; sourceTree = "<group>"; };
		9376DD891E9DEADF00C3E703 /* SVProgressHUD.m */ = {isa = PBXFileReference; fileEncoding = 4; lastKnownFileType = sourcecode.c.objc; path = SVProgressHUD.m; sourceTree = "<group>"; };
		93C7F20A1E9A802C007B7CB9 /* libo.app */ = {isa = PBXFileReference; explicitFileType = wrapper.application; includeInIndex = 0; path = libo.app; sourceTree = BUILT_PRODUCTS_DIR; };
		93C7F20E1E9A802C007B7CB9 /* main.m */ = {isa = PBXFileReference; lastKnownFileType = sourcecode.c.objc; path = main.m; sourceTree = "<group>"; };
		93C7F2101E9A802C007B7CB9 /* AppDelegate.h */ = {isa = PBXFileReference; lastKnownFileType = sourcecode.c.h; path = AppDelegate.h; sourceTree = "<group>"; };
		93C7F2111E9A802C007B7CB9 /* AppDelegate.m */ = {isa = PBXFileReference; lastKnownFileType = sourcecode.c.objc; path = AppDelegate.m; sourceTree = "<group>"; };
		93C7F2131E9A802C007B7CB9 /* ViewController.h */ = {isa = PBXFileReference; lastKnownFileType = sourcecode.c.h; path = ViewController.h; sourceTree = "<group>"; };
		93C7F2141E9A802C007B7CB9 /* ViewController.m */ = {isa = PBXFileReference; lastKnownFileType = sourcecode.c.objc; path = ViewController.m; sourceTree = "<group>"; };
		93C7F2171E9A802C007B7CB9 /* Base */ = {isa = PBXFileReference; lastKnownFileType = file.storyboard; name = Base; path = Base.lproj/Main.storyboard; sourceTree = "<group>"; };
		93C7F2191E9A802C007B7CB9 /* Assets.xcassets */ = {isa = PBXFileReference; lastKnownFileType = folder.assetcatalog; path = Assets.xcassets; sourceTree = "<group>"; };
		93C7F21C1E9A802C007B7CB9 /* Base */ = {isa = PBXFileReference; lastKnownFileType = file.storyboard; name = Base; path = Base.lproj/LaunchScreen.storyboard; sourceTree = "<group>"; };
		93C7F21E1E9A802C007B7CB9 /* Info.plist */ = {isa = PBXFileReference; lastKnownFileType = text.plist.xml; path = Info.plist; sourceTree = "<group>"; };
		93C7F2231E9A802C007B7CB9 /* liboTests.xctest */ = {isa = PBXFileReference; explicitFileType = wrapper.cfbundle; includeInIndex = 0; path = liboTests.xctest; sourceTree = BUILT_PRODUCTS_DIR; };
		93C7F2271E9A802C007B7CB9 /* liboTests.m */ = {isa = PBXFileReference; lastKnownFileType = sourcecode.c.objc; path = liboTests.m; sourceTree = "<group>"; };
		93C7F2291E9A802C007B7CB9 /* Info.plist */ = {isa = PBXFileReference; lastKnownFileType = text.plist.xml; path = Info.plist; sourceTree = "<group>"; };
		93C7F22E1E9A802C007B7CB9 /* liboUITests.xctest */ = {isa = PBXFileReference; explicitFileType = wrapper.cfbundle; includeInIndex = 0; path = liboUITests.xctest; sourceTree = BUILT_PRODUCTS_DIR; };
		93C7F2321E9A802C007B7CB9 /* liboUITests.m */ = {isa = PBXFileReference; lastKnownFileType = sourcecode.c.objc; path = liboUITests.m; sourceTree = "<group>"; };
		93C7F2341E9A802C007B7CB9 /* Info.plist */ = {isa = PBXFileReference; lastKnownFileType = text.plist.xml; path = Info.plist; sourceTree = "<group>"; };
/* End PBXFileReference section */

/* Begin PBXFrameworksBuildPhase section */
		93C7F2071E9A802C007B7CB9 /* Frameworks */ = {
			isa = PBXFrameworksBuildPhase;
			buildActionMask = 2147483647;
			files = (
			);
			runOnlyForDeploymentPostprocessing = 0;
		};
		93C7F2201E9A802C007B7CB9 /* Frameworks */ = {
			isa = PBXFrameworksBuildPhase;
			buildActionMask = 2147483647;
			files = (
			);
			runOnlyForDeploymentPostprocessing = 0;
		};
		93C7F22B1E9A802C007B7CB9 /* Frameworks */ = {
			isa = PBXFrameworksBuildPhase;
			buildActionMask = 2147483647;
			files = (
			);
			runOnlyForDeploymentPostprocessing = 0;
		};
/* End PBXFrameworksBuildPhase section */

/* Begin PBXGroup section */
		936461A21E9CD89000CA067C /* AFNetworking */ = {
			isa = PBXGroup;
			children = (
				936461A31E9CD89000CA067C /* AFHTTPRequestOperation.h */,
				936461A41E9CD89000CA067C /* AFHTTPRequestOperation.m */,
				936461A51E9CD89000CA067C /* AFHTTPRequestOperationManager.h */,
				936461A61E9CD89000CA067C /* AFHTTPRequestOperationManager.m */,
				936461A71E9CD89000CA067C /* AFHTTPSessionManager.h */,
				936461A81E9CD89000CA067C /* AFHTTPSessionManager.m */,
				936461A91E9CD89000CA067C /* AFNetworking.h */,
				936461AA1E9CD89000CA067C /* AFNetworkReachabilityManager.h */,
				936461AB1E9CD89000CA067C /* AFNetworkReachabilityManager.m */,
				936461AC1E9CD89000CA067C /* AFSecurityPolicy.h */,
				936461AD1E9CD89000CA067C /* AFSecurityPolicy.m */,
				936461AE1E9CD89000CA067C /* AFURLConnectionOperation.h */,
				936461AF1E9CD89000CA067C /* AFURLConnectionOperation.m */,
				936461B01E9CD89000CA067C /* AFURLRequestSerialization.h */,
				936461B11E9CD89000CA067C /* AFURLRequestSerialization.m */,
				936461B21E9CD89000CA067C /* AFURLResponseSerialization.h */,
				936461B31E9CD89000CA067C /* AFURLResponseSerialization.m */,
				936461B41E9CD89000CA067C /* AFURLSessionManager.h */,
				936461B51E9CD89000CA067C /* AFURLSessionManager.m */,
				936461B61E9CD89000CA067C /* UIKit+AFNetworking */,
			);
			path = AFNetworking;
			sourceTree = "<group>";
		};
		936461B61E9CD89000CA067C /* UIKit+AFNetworking */ = {
			isa = PBXGroup;
			children = (
				936461B71E9CD89000CA067C /* AFNetworkActivityIndicatorManager.h */,
				936461B81E9CD89000CA067C /* AFNetworkActivityIndicatorManager.m */,
				936461B91E9CD89000CA067C /* UIActivityIndicatorView+AFNetworking.h */,
				936461BA1E9CD89000CA067C /* UIActivityIndicatorView+AFNetworking.m */,
				936461BB1E9CD89000CA067C /* UIAlertView+AFNetworking.h */,
				936461BC1E9CD89000CA067C /* UIAlertView+AFNetworking.m */,
				936461BD1E9CD89000CA067C /* UIButton+AFNetworking.h */,
				936461BE1E9CD89000CA067C /* UIButton+AFNetworking.m */,
				936461BF1E9CD89000CA067C /* UIImageView+AFNetworking.h */,
				936461C01E9CD89000CA067C /* UIImageView+AFNetworking.m */,
				936461C11E9CD89000CA067C /* UIKit+AFNetworking.h */,
				936461C21E9CD89000CA067C /* UIProgressView+AFNetworking.h */,
				936461C31E9CD89000CA067C /* UIProgressView+AFNetworking.m */,
				936461C41E9CD89000CA067C /* UIRefreshControl+AFNetworking.h */,
				936461C51E9CD89000CA067C /* UIRefreshControl+AFNetworking.m */,
				936461C61E9CD89000CA067C /* UIWebView+AFNetworking.h */,
				936461C71E9CD89000CA067C /* UIWebView+AFNetworking.m */,
			);
			path = "UIKit+AFNetworking";
			sourceTree = "<group>";
		};
		9376DD7F1E9DEADF00C3E703 /* CoreSVP */ = {
			isa = PBXGroup;
			children = (
				9376DD801E9DEADF00C3E703 /* CoreSVP.bundle */,
				9376DD811E9DEADF00C3E703 /* CoreSVP.h */,
				9376DD821E9DEADF00C3E703 /* CoreSVP.m */,
				9376DD831E9DEADF00C3E703 /* SVProgressHUD */,
			);
			path = CoreSVP;
			sourceTree = "<group>";
		};
		9376DD831E9DEADF00C3E703 /* SVProgressHUD */ = {
			isa = PBXGroup;
			children = (
				9376DD841E9DEADF00C3E703 /* SVIndefiniteAnimatedView.h */,
				9376DD851E9DEADF00C3E703 /* SVIndefiniteAnimatedView.m */,
				9376DD861E9DEADF00C3E703 /* SVProgressHUD-Prefix.pch */,
				9376DD871E9DEADF00C3E703 /* SVProgressHUD.bundle */,
				9376DD881E9DEADF00C3E703 /* SVProgressHUD.h */,
				9376DD891E9DEADF00C3E703 /* SVProgressHUD.m */,
			);
			path = SVProgressHUD;
			sourceTree = "<group>";
		};
		93C7F2011E9A802C007B7CB9 = {
			isa = PBXGroup;
			children = (
				93C7F20C1E9A802C007B7CB9 /* libo */,
				93C7F2261E9A802C007B7CB9 /* liboTests */,
				93C7F2311E9A802C007B7CB9 /* liboUITests */,
				93C7F20B1E9A802C007B7CB9 /* Products */,
			);
			sourceTree = "<group>";
		};
		93C7F20B1E9A802C007B7CB9 /* Products */ = {
			isa = PBXGroup;
			children = (
				93C7F20A1E9A802C007B7CB9 /* libo.app */,
				93C7F2231E9A802C007B7CB9 /* liboTests.xctest */,
				93C7F22E1E9A802C007B7CB9 /* liboUITests.xctest */,
			);
			name = Products;
			sourceTree = "<group>";
		};
		93C7F20C1E9A802C007B7CB9 /* libo */ = {
			isa = PBXGroup;
			children = (
				9376DD7F1E9DEADF00C3E703 /* CoreSVP */,
				936461A21E9CD89000CA067C /* AFNetworking */,
				93C7F2101E9A802C007B7CB9 /* AppDelegate.h */,
				93C7F2111E9A802C007B7CB9 /* AppDelegate.m */,
				93C7F2131E9A802C007B7CB9 /* ViewController.h */,
				93C7F2141E9A802C007B7CB9 /* ViewController.m */,
				93C7F2161E9A802C007B7CB9 /* Main.storyboard */,
				93C7F2191E9A802C007B7CB9 /* Assets.xcassets */,
				93C7F21B1E9A802C007B7CB9 /* LaunchScreen.storyboard */,
				93C7F21E1E9A802C007B7CB9 /* Info.plist */,
				93C7F20D1E9A802C007B7CB9 /* Supporting Files */,
			);
			path = libo;
			sourceTree = "<group>";
		};
		93C7F20D1E9A802C007B7CB9 /* Supporting Files */ = {
			isa = PBXGroup;
			children = (
				93C7F20E1E9A802C007B7CB9 /* main.m */,
			);
			name = "Supporting Files";
			sourceTree = "<group>";
		};
		93C7F2261E9A802C007B7CB9 /* liboTests */ = {
			isa = PBXGroup;
			children = (
				93C7F2271E9A802C007B7CB9 /* liboTests.m */,
				93C7F2291E9A802C007B7CB9 /* Info.plist */,
			);
			path = liboTests;
			sourceTree = "<group>";
		};
		93C7F2311E9A802C007B7CB9 /* liboUITests */ = {
			isa = PBXGroup;
			children = (
				93C7F2321E9A802C007B7CB9 /* liboUITests.m */,
				93C7F2341E9A802C007B7CB9 /* Info.plist */,
			);
			path = liboUITests;
			sourceTree = "<group>";
		};
/* End PBXGroup section */

/* Begin PBXNativeTarget section */
		93C7F2091E9A802C007B7CB9 /* libo */ = {
			isa = PBXNativeTarget;
			buildConfigurationList = 93C7F2371E9A802C007B7CB9 /* Build configuration list for PBXNativeTarget "libo" */;
			buildPhases = (
				93C7F2061E9A802C007B7CB9 /* Sources */,
				93C7F2071E9A802C007B7CB9 /* Frameworks */,
				93C7F2081E9A802C007B7CB9 /* Resources */,
			);
			buildRules = (
			);
			dependencies = (
			);
			name = libo;
			productName = libo;
			productReference = 93C7F20A1E9A802C007B7CB9 /* libo.app */;
			productType = "com.apple.product-type.application";
		};
		93C7F2221E9A802C007B7CB9 /* liboTests */ = {
			isa = PBXNativeTarget;
			buildConfigurationList = 93C7F23A1E9A802C007B7CB9 /* Build configuration list for PBXNativeTarget "liboTests" */;
			buildPhases = (
				93C7F21F1E9A802C007B7CB9 /* Sources */,
				93C7F2201E9A802C007B7CB9 /* Frameworks */,
				93C7F2211E9A802C007B7CB9 /* Resources */,
			);
			buildRules = (
			);
			dependencies = (
				93C7F2251E9A802C007B7CB9 /* PBXTargetDependency */,
			);
			name = liboTests;
			productName = liboTests;
			productReference = 93C7F2231E9A802C007B7CB9 /* liboTests.xctest */;
			productType = "com.apple.product-type.bundle.unit-test";
		};
		93C7F22D1E9A802C007B7CB9 /* liboUITests */ = {
			isa = PBXNativeTarget;
			buildConfigurationList = 93C7F23D1E9A802C007B7CB9 /* Build configuration list for PBXNativeTarget "liboUITests" */;
			buildPhases = (
				93C7F22A1E9A802C007B7CB9 /* Sources */,
				93C7F22B1E9A802C007B7CB9 /* Frameworks */,
				93C7F22C1E9A802C007B7CB9 /* Resources */,
			);
			buildRules = (
			);
			dependencies = (
				93C7F2301E9A802C007B7CB9 /* PBXTargetDependency */,
			);
			name = liboUITests;
			productName = liboUITests;
			productReference = 93C7F22E1E9A802C007B7CB9 /* liboUITests.xctest */;
			productType = "com.apple.product-type.bundle.ui-testing";
		};
/* End PBXNativeTarget section */

/* Begin PBXProject section */
		93C7F2021E9A802C007B7CB9 /* Project object */ = {
			isa = PBXProject;
			attributes = {
				LastUpgradeCheck = 0820;
				ORGANIZATIONNAME = aaron;
				TargetAttributes = {
					93C7F2091E9A802C007B7CB9 = {
						CreatedOnToolsVersion = 8.2.1;
						DevelopmentTeam = TPCK7LX7GK;
						ProvisioningStyle = Automatic;
					};
					93C7F2221E9A802C007B7CB9 = {
						CreatedOnToolsVersion = 8.2.1;
						ProvisioningStyle = Automatic;
						TestTargetID = 93C7F2091E9A802C007B7CB9;
					};
					93C7F22D1E9A802C007B7CB9 = {
						CreatedOnToolsVersion = 8.2.1;
						ProvisioningStyle = Automatic;
						TestTargetID = 93C7F2091E9A802C007B7CB9;
					};
				};
			};
			buildConfigurationList = 93C7F2051E9A802C007B7CB9 /* Build configuration list for PBXProject "libo" */;
			compatibilityVersion = "Xcode 3.2";
			developmentRegion = English;
			hasScannedForEncodings = 0;
			knownRegions = (
				en,
				Base,
			);
			mainGroup = 93C7F2011E9A802C007B7CB9;
			productRefGroup = 93C7F20B1E9A802C007B7CB9 /* Products */;
			projectDirPath = "";
			projectRoot = "";
			targets = (
				93C7F2091E9A802C007B7CB9 /* libo */,
				93C7F2221E9A802C007B7CB9 /* liboTests */,
				93C7F22D1E9A802C007B7CB9 /* liboUITests */,
			);
		};
/* End PBXProject section */

/* Begin PBXResourcesBuildPhase section */
		93C7F2081E9A802C007B7CB9 /* Resources */ = {
			isa = PBXResourcesBuildPhase;
			buildActionMask = 2147483647;
			files = (
				9376DD8D1E9DEADF00C3E703 /* SVProgressHUD.bundle in Resources */,
				9376DD8A1E9DEADF00C3E703 /* CoreSVP.bundle in Resources */,
				93C7F21D1E9A802C007B7CB9 /* LaunchScreen.storyboard in Resources */,
				93C7F21A1E9A802C007B7CB9 /* Assets.xcassets in Resources */,
				93C7F2181E9A802C007B7CB9 /* Main.storyboard in Resources */,
			);
			runOnlyForDeploymentPostprocessing = 0;
		};
		93C7F2211E9A802C007B7CB9 /* Resources */ = {
			isa = PBXResourcesBuildPhase;
			buildActionMask = 2147483647;
			files = (
			);
			runOnlyForDeploymentPostprocessing = 0;
		};
		93C7F22C1E9A802C007B7CB9 /* Resources */ = {
			isa = PBXResourcesBuildPhase;
			buildActionMask = 2147483647;
			files = (
			);
			runOnlyForDeploymentPostprocessing = 0;
		};
/* End PBXResourcesBuildPhase section */

/* Begin PBXSourcesBuildPhase section */
		93C7F2061E9A802C007B7CB9 /* Sources */ = {
			isa = PBXSourcesBuildPhase;
			buildActionMask = 2147483647;
			files = (
				936461C81E9CD89000CA067C /* AFHTTPRequestOperation.m in Sources */,
				936461D51E9CD89000CA067C /* UIImageView+AFNetworking.m in Sources */,
				93C7F2151E9A802C007B7CB9 /* ViewController.m in Sources */,
				936461C91E9CD89000CA067C /* AFHTTPRequestOperationManager.m in Sources */,
				936461D61E9CD89000CA067C /* UIProgressView+AFNetworking.m in Sources */,
				936461CB1E9CD89000CA067C /* AFNetworkReachabilityManager.m in Sources */,
				936461CF1E9CD89000CA067C /* AFURLResponseSerialization.m in Sources */,
				936461CD1E9CD89000CA067C /* AFURLConnectionOperation.m in Sources */,
				936461D41E9CD89000CA067C /* UIButton+AFNetworking.m in Sources */,
				9376DD8C1E9DEADF00C3E703 /* SVIndefiniteAnimatedView.m in Sources */,
				9376DD8E1E9DEADF00C3E703 /* SVProgressHUD.m in Sources */,
				936461D21E9CD89000CA067C /* UIActivityIndicatorView+AFNetworking.m in Sources */,
				936461CC1E9CD89000CA067C /* AFSecurityPolicy.m in Sources */,
				936461D71E9CD89000CA067C /* UIRefreshControl+AFNetworking.m in Sources */,
				936461D81E9CD89000CA067C /* UIWebView+AFNetworking.m in Sources */,
				9376DD8B1E9DEADF00C3E703 /* CoreSVP.m in Sources */,
				936461CA1E9CD89000CA067C /* AFHTTPSessionManager.m in Sources */,
				936461D31E9CD89000CA067C /* UIAlertView+AFNetworking.m in Sources */,
				936461CE1E9CD89000CA067C /* AFURLRequestSerialization.m in Sources */,
				936461D11E9CD89000CA067C /* AFNetworkActivityIndicatorManager.m in Sources */,
				936461D01E9CD89000CA067C /* AFURLSessionManager.m in Sources */,
				93C7F2121E9A802C007B7CB9 /* AppDelegate.m in Sources */,
				93C7F20F1E9A802C007B7CB9 /* main.m in Sources */,
			);
			runOnlyForDeploymentPostprocessing = 0;
		};
		93C7F21F1E9A802C007B7CB9 /* Sources */ = {
			isa = PBXSourcesBuildPhase;
			buildActionMask = 2147483647;
			files = (
				93C7F2281E9A802C007B7CB9 /* liboTests.m in Sources */,
			);
			runOnlyForDeploymentPostprocessing = 0;
		};
		93C7F22A1E9A802C007B7CB9 /* Sources */ = {
			isa = PBXSourcesBuildPhase;
			buildActionMask = 2147483647;
			files = (
				93C7F2331E9A802C007B7CB9 /* liboUITests.m in Sources */,
			);
			runOnlyForDeploymentPostprocessing = 0;
		};
/* End PBXSourcesBuildPhase section */

/* Begin PBXTargetDependency section */
		93C7F2251E9A802C007B7CB9 /* PBXTargetDependency */ = {
			isa = PBXTargetDependency;
			target = 93C7F2091E9A802C007B7CB9 /* libo */;
			targetProxy = 93C7F2241E9A802C007B7CB9 /* PBXContainerItemProxy */;
		};
		93C7F2301E9A802C007B7CB9 /* PBXTargetDependency */ = {
			isa = PBXTargetDependency;
			target = 93C7F2091E9A802C007B7CB9 /* libo */;
			targetProxy = 93C7F22F1E9A802C007B7CB9 /* PBXContainerItemProxy */;
		};
/* End PBXTargetDependency section */

/* Begin PBXVariantGroup section */
		93C7F2161E9A802C007B7CB9 /* Main.storyboard */ = {
			isa = PBXVariantGroup;
			children = (
				93C7F2171E9A802C007B7CB9 /* Base */,
			);
			name = Main.storyboard;
			sourceTree = "<group>";
		};
		93C7F21B1E9A802C007B7CB9 /* LaunchScreen.storyboard */ = {
			isa = PBXVariantGroup;
			children = (
				93C7F21C1E9A802C007B7CB9 /* Base */,
			);
			name = LaunchScreen.storyboard;
			sourceTree = "<group>";
		};
/* End PBXVariantGroup section */

/* Begin XCBuildConfiguration section */
		93C7F2351E9A802C007B7CB9 /* Debug */ = {
			isa = XCBuildConfiguration;
			buildSettings = {
				ALWAYS_SEARCH_USER_PATHS = NO;
				CLANG_ANALYZER_NONNULL = YES;
				CLANG_CXX_LANGUAGE_STANDARD = "gnu++0x";
				CLANG_CXX_LIBRARY = "libc++";
				CLANG_ENABLE_MODULES = YES;
				CLANG_ENABLE_OBJC_ARC = YES;
				CLANG_WARN_BOOL_CONVERSION = YES;
				CLANG_WARN_CONSTANT_CONVERSION = YES;
				CLANG_WARN_DIRECT_OBJC_ISA_USAGE = YES_ERROR;
				CLANG_WARN_DOCUMENTATION_COMMENTS = YES;
				CLANG_WARN_EMPTY_BODY = YES;
				CLANG_WARN_ENUM_CONVERSION = YES;
				CLANG_WARN_INFINITE_RECURSION = YES;
				CLANG_WARN_INT_CONVERSION = YES;
				CLANG_WARN_OBJC_ROOT_CLASS = YES_ERROR;
				CLANG_WARN_SUSPICIOUS_MOVE = YES;
				CLANG_WARN_UNREACHABLE_CODE = YES;
				CLANG_WARN__DUPLICATE_METHOD_MATCH = YES;
				"CODE_SIGN_IDENTITY[sdk=iphoneos*]" = "iPhone Developer";
				COPY_PHASE_STRIP = NO;
				DEBUG_INFORMATION_FORMAT = dwarf;
				ENABLE_STRICT_OBJC_MSGSEND = YES;
				ENABLE_TESTABILITY = YES;
				GCC_C_LANGUAGE_STANDARD = gnu99;
				GCC_DYNAMIC_NO_PIC = NO;
				GCC_NO_COMMON_BLOCKS = YES;
				GCC_OPTIMIZATION_LEVEL = 0;
				GCC_PREPROCESSOR_DEFINITIONS = (
					"DEBUG=1",
					"$(inherited)",
				);
				GCC_WARN_64_TO_32_BIT_CONVERSION = YES;
				GCC_WARN_ABOUT_RETURN_TYPE = YES_ERROR;
				GCC_WARN_UNDECLARED_SELECTOR = YES;
				GCC_WARN_UNINITIALIZED_AUTOS = YES_AGGRESSIVE;
				GCC_WARN_UNUSED_FUNCTION = YES;
				GCC_WARN_UNUSED_VARIABLE = YES;
				IPHONEOS_DEPLOYMENT_TARGET = 10.2;
				MTL_ENABLE_DEBUG_INFO = YES;
				ONLY_ACTIVE_ARCH = YES;
				SDKROOT = iphoneos;
				TARGETED_DEVICE_FAMILY = "1,2";
			};
			name = Debug;
		};
		93C7F2361E9A802C007B7CB9 /* Release */ = {
			isa = XCBuildConfiguration;
			buildSettings = {
				ALWAYS_SEARCH_USER_PATHS = NO;
				CLANG_ANALYZER_NONNULL = YES;
				CLANG_CXX_LANGUAGE_STANDARD = "gnu++0x";
				CLANG_CXX_LIBRARY = "libc++";
				CLANG_ENABLE_MODULES = YES;
				CLANG_ENABLE_OBJC_ARC = YES;
				CLANG_WARN_BOOL_CONVERSION = YES;
				CLANG_WARN_CONSTANT_CONVERSION = YES;
				CLANG_WARN_DIRECT_OBJC_ISA_USAGE = YES_ERROR;
				CLANG_WARN_DOCUMENTATION_COMMENTS = YES;
				CLANG_WARN_EMPTY_BODY = YES;
				CLANG_WARN_ENUM_CONVERSION = YES;
				CLANG_WARN_INFINITE_RECURSION = YES;
				CLANG_WARN_INT_CONVERSION = YES;
				CLANG_WARN_OBJC_ROOT_CLASS = YES_ERROR;
				CLANG_WARN_SUSPICIOUS_MOVE = YES;
				CLANG_WARN_UNREACHABLE_CODE = YES;
				CLANG_WARN__DUPLICATE_METHOD_MATCH = YES;
				"CODE_SIGN_IDENTITY[sdk=iphoneos*]" = "iPhone Developer";
				COPY_PHASE_STRIP = NO;
				DEBUG_INFORMATION_FORMAT = "dwarf-with-dsym";
				ENABLE_NS_ASSERTIONS = NO;
				ENABLE_STRICT_OBJC_MSGSEND = YES;
				GCC_C_LANGUAGE_STANDARD = gnu99;
				GCC_NO_COMMON_BLOCKS = YES;
				GCC_WARN_64_TO_32_BIT_CONVERSION = YES;
				GCC_WARN_ABOUT_RETURN_TYPE = YES_ERROR;
				GCC_WARN_UNDECLARED_SELECTOR = YES;
				GCC_WARN_UNINITIALIZED_AUTOS = YES_AGGRESSIVE;
				GCC_WARN_UNUSED_FUNCTION = YES;
				GCC_WARN_UNUSED_VARIABLE = YES;
				IPHONEOS_DEPLOYMENT_TARGET = 10.2;
				MTL_ENABLE_DEBUG_INFO = NO;
				SDKROOT = iphoneos;
				TARGETED_DEVICE_FAMILY = "1,2";
				VALIDATE_PRODUCT = YES;
			};
			name = Release;
		};
		93C7F2381E9A802C007B7CB9 /* Debug */ = {
			isa = XCBuildConfiguration;
			buildSettings = {
				ASSETCATALOG_COMPILER_APPICON_NAME = AppIcon;
				ASSETCATALOG_COMPILER_LAUNCHIMAGE_NAME = LaunchImage;
				"CODE_SIGN_IDENTITY[sdk=iphoneos*]" = "iPhone Developer";
				DEVELOPMENT_TEAM = TPCK7LX7GK;
				INFOPLIST_FILE = libo/Info.plist;
				LD_RUNPATH_SEARCH_PATHS = "$(inherited) @executable_path/Frameworks";
				PRODUCT_BUNDLE_IDENTIFIER = libo.toumaps.com;
				PRODUCT_NAME = "$(TARGET_NAME)";
			};
			name = Debug;
		};
		93C7F2391E9A802C007B7CB9 /* Release */ = {
			isa = XCBuildConfiguration;
			buildSettings = {
				ASSETCATALOG_COMPILER_APPICON_NAME = AppIcon;
				ASSETCATALOG_COMPILER_LAUNCHIMAGE_NAME = LaunchImage;
				"CODE_SIGN_IDENTITY[sdk=iphoneos*]" = "iPhone Developer";
				DEVELOPMENT_TEAM = TPCK7LX7GK;
				INFOPLIST_FILE = libo/Info.plist;
				LD_RUNPATH_SEARCH_PATHS = "$(inherited) @executable_path/Frameworks";
				PRODUCT_BUNDLE_IDENTIFIER = libo.toumaps.com;
				PRODUCT_NAME = "$(TARGET_NAME)";
			};
			name = Release;
		};
		93C7F23B1E9A802C007B7CB9 /* Debug */ = {
			isa = XCBuildConfiguration;
			buildSettings = {
				BUNDLE_LOADER = "$(TEST_HOST)";
				INFOPLIST_FILE = liboTests/Info.plist;
				LD_RUNPATH_SEARCH_PATHS = "$(inherited) @executable_path/Frameworks @loader_path/Frameworks";
				PRODUCT_BUNDLE_IDENTIFIER = com.toumaps.libo.liboTests;
				PRODUCT_NAME = "$(TARGET_NAME)";
				TEST_HOST = "$(BUILT_PRODUCTS_DIR)/libo.app/libo";
			};
			name = Debug;
		};
		93C7F23C1E9A802C007B7CB9 /* Release */ = {
			isa = XCBuildConfiguration;
			buildSettings = {
				BUNDLE_LOADER = "$(TEST_HOST)";
				INFOPLIST_FILE = liboTests/Info.plist;
				LD_RUNPATH_SEARCH_PATHS = "$(inherited) @executable_path/Frameworks @loader_path/Frameworks";
				PRODUCT_BUNDLE_IDENTIFIER = com.toumaps.libo.liboTests;
				PRODUCT_NAME = "$(TARGET_NAME)";
				TEST_HOST = "$(BUILT_PRODUCTS_DIR)/libo.app/libo";
			};
			name = Release;
		};
		93C7F23E1E9A802C007B7CB9 /* Debug */ = {
			isa = XCBuildConfiguration;
			buildSettings = {
				INFOPLIST_FILE = liboUITests/Info.plist;
				LD_RUNPATH_SEARCH_PATHS = "$(inherited) @executable_path/Frameworks @loader_path/Frameworks";
				PRODUCT_BUNDLE_IDENTIFIER = com.toumaps.libo.liboUITests;
				PRODUCT_NAME = "$(TARGET_NAME)";
				TEST_TARGET_NAME = libo;
			};
			name = Debug;
		};
		93C7F23F1E9A802C007B7CB9 /* Release */ = {
			isa = XCBuildConfiguration;
			buildSettings = {
				INFOPLIST_FILE = liboUITests/Info.plist;
				LD_RUNPATH_SEARCH_PATHS = "$(inherited) @executable_path/Frameworks @loader_path/Frameworks";
				PRODUCT_BUNDLE_IDENTIFIER = com.toumaps.libo.liboUITests;
				PRODUCT_NAME = "$(TARGET_NAME)";
				TEST_TARGET_NAME = libo;
			};
			name = Release;
		};
/* End XCBuildConfiguration section */

/* Begin XCConfigurationList section */
		93C7F2051E9A802C007B7CB9 /* Build configuration list for PBXProject "libo" */ = {
			isa = XCConfigurationList;
			buildConfigurations = (
				93C7F2351E9A802C007B7CB9 /* Debug */,
				93C7F2361E9A802C007B7CB9 /* Release */,
			);
			defaultConfigurationIsVisible = 0;
			defaultConfigurationName = Release;
		};
		93C7F2371E9A802C007B7CB9 /* Build configuration list for PBXNativeTarget "libo" */ = {
			isa = XCConfigurationList;
			buildConfigurations = (
				93C7F2381E9A802C007B7CB9 /* Debug */,
				93C7F2391E9A802C007B7CB9 /* Release */,
			);
			defaultConfigurationIsVisible = 0;
			defaultConfigurationName = Release;
		};
		93C7F23A1E9A802C007B7CB9 /* Build configuration list for PBXNativeTarget "liboTests" */ = {
			isa = XCConfigurationList;
			buildConfigurations = (
				93C7F23B1E9A802C007B7CB9 /* Debug */,
				93C7F23C1E9A802C007B7CB9 /* Release */,
			);
			defaultConfigurationIsVisible = 0;
			defaultConfigurationName = Release;
		};
		93C7F23D1E9A802C007B7CB9 /* Build configuration list for PBXNativeTarget "liboUITests" */ = {
			isa = XCConfigurationList;
			buildConfigurations = (
				93C7F23E1E9A802C007B7CB9 /* Debug */,
				93C7F23F1E9A802C007B7CB9 /* Release */,
			);
			defaultConfigurationIsVisible = 0;
			defaultConfigurationName = Release;
		};
/* End XCConfigurationList section */
	};
	rootObject = 93C7F2021E9A802C007B7CB9 /* Project object */;
}
